
Microsoft Visual Studio Solution File, Format Version 12.00
# Visual Studio Version 17
VisualStudioVersion = 17.6.33815.320
MinimumVisualStudioVersion = 10.0.40219.1
Project("{8BC9CEB8-8B4A-11D0-8D11-00A0C91BC942}") = "CTVRP Solver", "CTVRP Solver\CTVRP Solver.vcxproj", "{D2669897-DAB9-4697-87A9-24DDAF33DDD7}"
EndProject
Global
	GlobalSection(SolutionConfigurationPlatforms) = preSolution
		Debug|x64 = Debug|x64
		Debug|x86 = Debug|x86
		Release|x64 = Release|x64
		Release|x86 = Release|x86
	EndGlobalSection
	GlobalSection(ProjectConfigurationPlatforms) = postSolution
		{D2669897-DAB9-4697-87A9-24DDAF33DDD7}.Debug|x64.ActiveCfg = Debug|x64
		{D2669897-DAB9-4697-87A9-24DDAF33DDD7}.Debug|x64.Build.0 = Debug|x64
		{D2669897-DAB9-4697-87A9-24DDAF33DDD7}.Debug|x86.ActiveCfg = Debug|Win32
		{D2669897-DAB9-4697-87A9-24DDAF33DDD7}.Debug|x86.Build.0 = Debug|Win32
		{D2669897-DAB9-4697-87A9-24DDAF33DDD7}.Release|x64.ActiveCfg = Release|x64
		{D2669897-DAB9-4697-87A9-24DDAF33DDD7}.Release|x64.Build.0 = Release|x64
		{D2669897-DAB9-4697-87A9-24DDAF33DDD7}.Release|x86.ActiveCfg = Release|Win32
		{D2669897-DAB9-4697-87A9-24DDAF33DDD7}.Release|x86.Build.0 = Release|Win32
	EndGlobalSection
	GlobalSection(SolutionProperties) = preSolution
		HideSolutionNode = FALSE
	EndGlobalSection
	GlobalSection(ExtensibilityGlobals) = postSolution
		SolutionGuid = {A6F10A43-C03A-4078-9536-F4F3CA263153}
	EndGlobalSection
EndGlobal
